
Microsoft Visual Studio Solution File, Format Version 12.00
# Visual Studio 15
VisualStudioVersion = 15.0.27004.2009
MinimumVisualStudioVersion = 10.0.40219.1
Project("{FAE04EC0-301F-11D3-BF4B-00C04F79EFBC}") = "Triskaidekaphobia", "Triskaidekaphobia\Triskaidekaphobia.csproj", "{8E7B36C1-A2B3-40EB-A92B-6F64EBD46A72}"
EndProject
Project("{FAE04EC0-301F-11D3-BF4B-00C04F79EFBC}") = "Triskaidekaphobia.Tests", "Triskaidekaphobia.Tests\Triskaidekaphobia.Tests.csproj", "{C728E514-5965-4A19-A35E-398106A4FCB8}"
EndProject
Project("{FAE04EC0-301F-11D3-BF4B-00C04F79EFBC}") = "MTGDAL", "..\Triskaidekaphobia-Cards\MTGDAL\MTGDAL.csproj", "{ACC944BE-2701-4E00-8586-C24FC4AB54E7}"
EndProject
Project("{FAE04EC0-301F-11D3-BF4B-00C04F79EFBC}") = "TriskaidekaphobiaLib", "..\Triskaidekaphobia-Cards\TriskaidekaphobiaLib\TriskaidekaphobiaLib.csproj", "{F1B52ADA-446D-4A89-BFDC-591BB2F4EDE0}"
EndProject
Global
	GlobalSection(SolutionConfigurationPlatforms) = preSolution
		Debug|Any CPU = Debug|Any CPU
		Release|Any CPU = Release|Any CPU
	EndGlobalSection
	GlobalSection(ProjectConfigurationPlatforms) = postSolution
		{8E7B36C1-A2B3-40EB-A92B-6F64EBD46A72}.Debug|Any CPU.ActiveCfg = Debug|Any CPU
		{8E7B36C1-A2B3-40EB-A92B-6F64EBD46A72}.Debug|Any CPU.Build.0 = Debug|Any CPU
		{8E7B36C1-A2B3-40EB-A92B-6F64EBD46A72}.Release|Any CPU.ActiveCfg = Release|Any CPU
		{8E7B36C1-A2B3-40EB-A92B-6F64EBD46A72}.Release|Any CPU.Build.0 = Release|Any CPU
		{C728E514-5965-4A19-A35E-398106A4FCB8}.Debug|Any CPU.ActiveCfg = Debug|Any CPU
		{C728E514-5965-4A19-A35E-398106A4FCB8}.Debug|Any CPU.Build.0 = Debug|Any CPU
		{C728E514-5965-4A19-A35E-398106A4FCB8}.Release|Any CPU.ActiveCfg = Release|Any CPU
		{C728E514-5965-4A19-A35E-398106A4FCB8}.Release|Any CPU.Build.0 = Release|Any CPU
		{ACC944BE-2701-4E00-8586-C24FC4AB54E7}.Debug|Any CPU.ActiveCfg = Debug|Any CPU
		{ACC944BE-2701-4E00-8586-C24FC4AB54E7}.Debug|Any CPU.Build.0 = Debug|Any CPU
		{ACC944BE-2701-4E00-8586-C24FC4AB54E7}.Release|Any CPU.ActiveCfg = Release|Any CPU
		{ACC944BE-2701-4E00-8586-C24FC4AB54E7}.Release|Any CPU.Build.0 = Release|Any CPU
		{F1B52ADA-446D-4A89-BFDC-591BB2F4EDE0}.Debug|Any CPU.ActiveCfg = Debug|Any CPU
		{F1B52ADA-446D-4A89-BFDC-591BB2F4EDE0}.Debug|Any CPU.Build.0 = Debug|Any CPU
		{F1B52ADA-446D-4A89-BFDC-591BB2F4EDE0}.Release|Any CPU.ActiveCfg = Release|Any CPU
		{F1B52ADA-446D-4A89-BFDC-591BB2F4EDE0}.Release|Any CPU.Build.0 = Release|Any CPU
	EndGlobalSection
	GlobalSection(SolutionProperties) = preSolution
		HideSolutionNode = FALSE
	EndGlobalSection
	GlobalSection(ExtensibilityGlobals) = postSolution
		SolutionGuid = {D4A9D85F-412B-497C-AF82-71ABE7B5A5B2}
	EndGlobalSection
EndGlobal
